
Microsoft Visual Studio Solution File, Format Version 12.00
# Visual Studio Version 16
VisualStudioVersion = 16.0.30114.105
MinimumVisualStudioVersion = 10.0.40219.1
Project("{FAE04EC0-301F-11D3-BF4B-00C04F79EFBC}") = "CubeShuffle.Core", "CubeShuffle.Core\CubeShuffle.Core.csproj", "{0D6B548F-E50A-4852-9E12-5300A229C227}"
EndProject
Project("{FAE04EC0-301F-11D3-BF4B-00C04F79EFBC}") = "CubeShuffle.CLI", "CubeShuffle.CLI\CubeShuffle.CLI.csproj", "{D94EBDA0-B729-49E2-B934-D76C99082CCD}"
EndProject
Global
	GlobalSection(SolutionConfigurationPlatforms) = preSolution
		Debug|Any CPU = Debug|Any CPU
		Release|Any CPU = Release|Any CPU
	EndGlobalSection
	GlobalSection(SolutionProperties) = preSolution
		HideSolutionNode = FALSE
	EndGlobalSection
	GlobalSection(ProjectConfigurationPlatforms) = postSolution
		{0D6B548F-E50A-4852-9E12-5300A229C227}.Debug|Any CPU.ActiveCfg = Debug|Any CPU
		{0D6B548F-E50A-4852-9E12-5300A229C227}.Debug|Any CPU.Build.0 = Debug|Any CPU
		{0D6B548F-E50A-4852-9E12-5300A229C227}.Release|Any CPU.ActiveCfg = Release|Any CPU
		{0D6B548F-E50A-4852-9E12-5300A229C227}.Release|Any CPU.Build.0 = Release|Any CPU
		{D94EBDA0-B729-49E2-B934-D76C99082CCD}.Debug|Any CPU.ActiveCfg = Debug|Any CPU
		{D94EBDA0-B729-49E2-B934-D76C99082CCD}.Debug|Any CPU.Build.0 = Debug|Any CPU
		{D94EBDA0-B729-49E2-B934-D76C99082CCD}.Release|Any CPU.ActiveCfg = Release|Any CPU
		{D94EBDA0-B729-49E2-B934-D76C99082CCD}.Release|Any CPU.Build.0 = Release|Any CPU
	EndGlobalSection
EndGlobal
